
Microsoft Visual Studio Solution File, Format Version 12.00
# Visual Studio Version 17
VisualStudioVersion = 17.0.31903.59
MinimumVisualStudioVersion = 10.0.40219.1
Project("{9A19103F-16F7-4668-BE54-9A1E7A4F7556}") = "Daltonsbaker.Com", "Daltonsbaker.Com\Daltonsbaker.Com.csproj", "{43FADD6B-8AC5-44F8-A2D5-0909A05DB871}"
EndProject
Project("{9A19103F-16F7-4668-BE54-9A1E7A4F7556}") = "Daltonsbaker.Com.Test", "Daltonsbaker.Com.Test\Daltonsbaker.Com.Test.csproj", "{3F6C008D-6702-457E-90D2-3F3504537E96}"
EndProject
Project("{2150E333-8FDC-42A3-9474-1A3956D46DE8}") = "Solution Items", "Solution Items", "{45C81892-6C59-42B3-B25E-D51DF71F272A}"
	ProjectSection(SolutionItems) = preProject
		.github\workflows\dev-CI.yml = .github\workflows\dev-CI.yml
		.github\workflows\master-CICD.yml = .github\workflows\master-CICD.yml
		README.md = README.md
	EndProjectSection
EndProject
Global
	GlobalSection(SolutionConfigurationPlatforms) = preSolution
		Debug|Any CPU = Debug|Any CPU
		Release|Any CPU = Release|Any CPU
	EndGlobalSection
	GlobalSection(ProjectConfigurationPlatforms) = postSolution
		{43FADD6B-8AC5-44F8-A2D5-0909A05DB871}.Debug|Any CPU.ActiveCfg = Debug|Any CPU
		{43FADD6B-8AC5-44F8-A2D5-0909A05DB871}.Debug|Any CPU.Build.0 = Debug|Any CPU
		{43FADD6B-8AC5-44F8-A2D5-0909A05DB871}.Release|Any CPU.ActiveCfg = Release|Any CPU
		{43FADD6B-8AC5-44F8-A2D5-0909A05DB871}.Release|Any CPU.Build.0 = Release|Any CPU
		{3F6C008D-6702-457E-90D2-3F3504537E96}.Debug|Any CPU.ActiveCfg = Debug|Any CPU
		{3F6C008D-6702-457E-90D2-3F3504537E96}.Debug|Any CPU.Build.0 = Debug|Any CPU
		{3F6C008D-6702-457E-90D2-3F3504537E96}.Release|Any CPU.ActiveCfg = Release|Any CPU
		{3F6C008D-6702-457E-90D2-3F3504537E96}.Release|Any CPU.Build.0 = Release|Any CPU
	EndGlobalSection
	GlobalSection(SolutionProperties) = preSolution
		HideSolutionNode = FALSE
	EndGlobalSection
	GlobalSection(ExtensibilityGlobals) = postSolution
		SolutionGuid = {3794A979-3B70-4B3F-8961-E7D38CB729B1}
	EndGlobalSection
EndGlobal
