
Microsoft Visual Studio Solution File, Format Version 12.00
# Visual Studio Version 16
VisualStudioVersion = 16.0.31205.134
MinimumVisualStudioVersion = 10.0.40219.1
Project("{FAE04EC0-301F-11D3-BF4B-00C04F79EFBC}") = "daltonsbaker.com", "daltonsbaker.com\daltonsbaker.com.csproj", "{7113F8A0-B37B-43CD-BF01-E9ABE8D1CB3B}"
EndProject
Global
	GlobalSection(SolutionConfigurationPlatforms) = preSolution
		Debug|Any CPU = Debug|Any CPU
		Release|Any CPU = Release|Any CPU
	EndGlobalSection
	GlobalSection(ProjectConfigurationPlatforms) = postSolution
		{7113F8A0-B37B-43CD-BF01-E9ABE8D1CB3B}.Debug|Any CPU.ActiveCfg = Debug|Any CPU
		{7113F8A0-B37B-43CD-BF01-E9ABE8D1CB3B}.Debug|Any CPU.Build.0 = Debug|Any CPU
		{7113F8A0-B37B-43CD-BF01-E9ABE8D1CB3B}.Release|Any CPU.ActiveCfg = Release|Any CPU
		{7113F8A0-B37B-43CD-BF01-E9ABE8D1CB3B}.Release|Any CPU.Build.0 = Release|Any CPU
	EndGlobalSection
	GlobalSection(SolutionProperties) = preSolution
		HideSolutionNode = FALSE
	EndGlobalSection
	GlobalSection(ExtensibilityGlobals) = postSolution
		SolutionGuid = {91305F7C-585D-4E90-90A2-D9CB689967A7}
	EndGlobalSection
EndGlobal
